// !$*UTF8*$!
{
	archiveVersion = 1;
	classes = {
	};
	objectVersion = 46;
	objects = {

/* Begin PBXBuildFile section */
		4177DE071DD1F20700BBFC4D /* AppDelegate.swift in Sources */ = {isa = PBXBuildFile; fileRef = 4177DE061DD1F20700BBFC4D /* AppDelegate.swift */; };
		4177DE091DD1F20700BBFC4D /* ViewController.swift in Sources */ = {isa = PBXBuildFile; fileRef = 4177DE081DD1F20700BBFC4D /* ViewController.swift */; };
		4177DE0C1DD1F20700BBFC4D /* Main.storyboard in Resources */ = {isa = PBXBuildFile; fileRef = 4177DE0A1DD1F20700BBFC4D /* Main.storyboard */; };
		4177DE0E1DD1F20700BBFC4D /* Assets.xcassets in Resources */ = {isa = PBXBuildFile; fileRef = 4177DE0D1DD1F20700BBFC4D /* Assets.xcassets */; };
		4177DE111DD1F20700BBFC4D /* LaunchScreen.storyboard in Resources */ = {isa = PBXBuildFile; fileRef = 4177DE0F1DD1F20700BBFC4D /* LaunchScreen.storyboard */; };
		4177DE1D1DD1F37F00BBFC4D /* Bolts.framework in Frameworks */ = {isa = PBXBuildFile; fileRef = 4177DE191DD1F37F00BBFC4D /* Bolts.framework */; };
		4177DE1E1DD1F37F00BBFC4D /* FBSDKCoreKit.framework in Frameworks */ = {isa = PBXBuildFile; fileRef = 4177DE1A1DD1F37F00BBFC4D /* FBSDKCoreKit.framework */; };
		4177DE1F1DD1F37F00BBFC4D /* FBSDKLoginKit.framework in Frameworks */ = {isa = PBXBuildFile; fileRef = 4177DE1B1DD1F37F00BBFC4D /* FBSDKLoginKit.framework */; };
		4177DE201DD1F37F00BBFC4D /* FBSDKShareKit.framework in Frameworks */ = {isa = PBXBuildFile; fileRef = 4177DE1C1DD1F37F00BBFC4D /* FBSDKShareKit.framework */; };
/* End PBXBuildFile section */

/* Begin PBXFileReference section */
		413A22B11DD23F7E00284FE2 /* Info.plist */ = {isa = PBXFileReference; lastKnownFileType = text.plist.xml; path = Info.plist; sourceTree = "<group>"; };
		4177DE031DD1F20700BBFC4D /* FBDeferredDeeplinkTest.app */ = {isa = PBXFileReference; explicitFileType = wrapper.application; includeInIndex = 0; path = FBDeferredDeeplinkTest.app; sourceTree = BUILT_PRODUCTS_DIR; };
		4177DE061DD1F20700BBFC4D /* AppDelegate.swift */ = {isa = PBXFileReference; lastKnownFileType = sourcecode.swift; path = AppDelegate.swift; sourceTree = "<group>"; };
		4177DE081DD1F20700BBFC4D /* ViewController.swift */ = {isa = PBXFileReference; lastKnownFileType = sourcecode.swift; path = ViewController.swift; sourceTree = "<group>"; };
		4177DE0B1DD1F20700BBFC4D /* Base */ = {isa = PBXFileReference; lastKnownFileType = file.storyboard; name = Base; path = Base.lproj/Main.storyboard; sourceTree = "<group>"; };
		4177DE0D1DD1F20700BBFC4D /* Assets.xcassets */ = {isa = PBXFileReference; lastKnownFileType = folder.assetcatalog; path = Assets.xcassets; sourceTree = "<group>"; };
		4177DE101DD1F20700BBFC4D /* Base */ = {isa = PBXFileReference; lastKnownFileType = file.storyboard; name = Base; path = Base.lproj/LaunchScreen.storyboard; sourceTree = "<group>"; };
		4177DE191DD1F37F00BBFC4D /* Bolts.framework */ = {isa = PBXFileReference; lastKnownFileType = wrapper.framework; path = Bolts.framework; sourceTree = "<group>"; };
		4177DE1A1DD1F37F00BBFC4D /* FBSDKCoreKit.framework */ = {isa = PBXFileReference; lastKnownFileType = wrapper.framework; path = FBSDKCoreKit.framework; sourceTree = "<group>"; };
		4177DE1B1DD1F37F00BBFC4D /* FBSDKLoginKit.framework */ = {isa = PBXFileReference; lastKnownFileType = wrapper.framework; path = FBSDKLoginKit.framework; sourceTree = "<group>"; };
		4177DE1C1DD1F37F00BBFC4D /* FBSDKShareKit.framework */ = {isa = PBXFileReference; lastKnownFileType = wrapper.framework; path = FBSDKShareKit.framework; sourceTree = "<group>"; };
/* End PBXFileReference section */

/* Begin PBXFrameworksBuildPhase section */
		4177DE001DD1F20700BBFC4D /* Frameworks */ = {
			isa = PBXFrameworksBuildPhase;
			buildActionMask = 2147483647;
			files = (
				4177DE201DD1F37F00BBFC4D /* FBSDKShareKit.framework in Frameworks */,
				4177DE1D1DD1F37F00BBFC4D /* Bolts.framework in Frameworks */,
				4177DE1E1DD1F37F00BBFC4D /* FBSDKCoreKit.framework in Frameworks */,
				4177DE1F1DD1F37F00BBFC4D /* FBSDKLoginKit.framework in Frameworks */,
			);
			runOnlyForDeploymentPostprocessing = 0;
		};
/* End PBXFrameworksBuildPhase section */

/* Begin PBXGroup section */
		4177DDFA1DD1F20700BBFC4D = {
			isa = PBXGroup;
			children = (
				4177DE051DD1F20700BBFC4D /* FBDeferredDeeplinkTest */,
				4177DE181DD1F37F00BBFC4D /* Frameworks */,
				4177DE041DD1F20700BBFC4D /* Products */,
			);
			sourceTree = "<group>";
		};
		4177DE041DD1F20700BBFC4D /* Products */ = {
			isa = PBXGroup;
			children = (
				4177DE031DD1F20700BBFC4D /* FBDeferredDeeplinkTest.app */,
			);
			name = Products;
			sourceTree = "<group>";
		};
		4177DE051DD1F20700BBFC4D /* FBDeferredDeeplinkTest */ = {
			isa = PBXGroup;
			children = (
				4177DE061DD1F20700BBFC4D /* AppDelegate.swift */,
				4177DE081DD1F20700BBFC4D /* ViewController.swift */,
				4177DE0A1DD1F20700BBFC4D /* Main.storyboard */,
				4177DE0D1DD1F20700BBFC4D /* Assets.xcassets */,
				4177DE0F1DD1F20700BBFC4D /* LaunchScreen.storyboard */,
				413A22B11DD23F7E00284FE2 /* Info.plist */,
			);
			path = FBDeferredDeeplinkTest;
			sourceTree = "<group>";
		};
		4177DE181DD1F37F00BBFC4D /* Frameworks */ = {
			isa = PBXGroup;
			children = (
				4177DE191DD1F37F00BBFC4D /* Bolts.framework */,
				4177DE1A1DD1F37F00BBFC4D /* FBSDKCoreKit.framework */,
				4177DE1B1DD1F37F00BBFC4D /* FBSDKLoginKit.framework */,
				4177DE1C1DD1F37F00BBFC4D /* FBSDKShareKit.framework */,
			);
			name = Frameworks;
			path = FBDeferredDeeplinkTest/Frameworks;
			sourceTree = "<group>";
		};
/* End PBXGroup section */

/* Begin PBXNativeTarget section */
		4177DE021DD1F20700BBFC4D /* FBDeferredDeeplinkTest */ = {
			isa = PBXNativeTarget;
			buildConfigurationList = 4177DE151DD1F20700BBFC4D /* Build configuration list for PBXNativeTarget "FBDeferredDeeplinkTest" */;
			buildPhases = (
				4177DDFF1DD1F20700BBFC4D /* Sources */,
				4177DE001DD1F20700BBFC4D /* Frameworks */,
				4177DE011DD1F20700BBFC4D /* Resources */,
			);
			buildRules = (
			);
			dependencies = (
			);
			name = FBDeferredDeeplinkTest;
			productName = FBDeferredDeeplinkTest;
			productReference = 4177DE031DD1F20700BBFC4D /* FBDeferredDeeplinkTest.app */;
			productType = "com.apple.product-type.application";
		};
/* End PBXNativeTarget section */

/* Begin PBXProject section */
		4177DDFB1DD1F20700BBFC4D /* Project object */ = {
			isa = PBXProject;
			attributes = {
				LastSwiftUpdateCheck = 0810;
				LastUpgradeCheck = 0810;
				ORGANIZATIONNAME = PROGOS;
				TargetAttributes = {
					4177DE021DD1F20700BBFC4D = {
						CreatedOnToolsVersion = 8.1;
						DevelopmentTeam = AB6GWBVK74;
						ProvisioningStyle = Manual;
					};
				};
			};
			buildConfigurationList = 4177DDFE1DD1F20700BBFC4D /* Build configuration list for PBXProject "FBDeferredDeeplinkTest" */;
			compatibilityVersion = "Xcode 3.2";
			developmentRegion = English;
			hasScannedForEncodings = 0;
			knownRegions = (
				en,
				Base,
			);
			mainGroup = 4177DDFA1DD1F20700BBFC4D;
			productRefGroup = 4177DE041DD1F20700BBFC4D /* Products */;
			projectDirPath = "";
			projectRoot = "";
			targets = (
				4177DE021DD1F20700BBFC4D /* FBDeferredDeeplinkTest */,
			);
		};
/* End PBXProject section */

/* Begin PBXResourcesBuildPhase section */
		4177DE011DD1F20700BBFC4D /* Resources */ = {
			isa = PBXResourcesBuildPhase;
			buildActionMask = 2147483647;
			files = (
				4177DE111DD1F20700BBFC4D /* LaunchScreen.storyboard in Resources */,
				4177DE0E1DD1F20700BBFC4D /* Assets.xcassets in Resources */,
				4177DE0C1DD1F20700BBFC4D /* Main.storyboard in Resources */,
			);
			runOnlyForDeploymentPostprocessing = 0;
		};
/* End PBXResourcesBuildPhase section */

/* Begin PBXSourcesBuildPhase section */
		4177DDFF1DD1F20700BBFC4D /* Sources */ = {
			isa = PBXSourcesBuildPhase;
			buildActionMask = 2147483647;
			files = (
				4177DE091DD1F20700BBFC4D /* ViewController.swift in Sources */,
				4177DE071DD1F20700BBFC4D /* AppDelegate.swift in Sources */,
			);
			runOnlyForDeploymentPostprocessing = 0;
		};
/* End PBXSourcesBuildPhase section */

/* Begin PBXVariantGroup section */
		4177DE0A1DD1F20700BBFC4D /* Main.storyboard */ = {
			isa = PBXVariantGroup;
			children = (
				4177DE0B1DD1F20700BBFC4D /* Base */,
			);
			name = Main.storyboard;
			sourceTree = "<group>";
		};
		4177DE0F1DD1F20700BBFC4D /* LaunchScreen.storyboard */ = {
			isa = PBXVariantGroup;
			children = (
				4177DE101DD1F20700BBFC4D /* Base */,
			);
			name = LaunchScreen.storyboard;
			sourceTree = "<group>";
		};
/* End PBXVariantGroup section */

/* Begin XCBuildConfiguration section */
		4177DE131DD1F20700BBFC4D /* Debug */ = {
			isa = XCBuildConfiguration;
			buildSettings = {
				ALWAYS_SEARCH_USER_PATHS = NO;
				CLANG_ANALYZER_NONNULL = YES;
				CLANG_CXX_LANGUAGE_STANDARD = "gnu++0x";
				CLANG_CXX_LIBRARY = "libc++";
				CLANG_ENABLE_MODULES = YES;
				CLANG_ENABLE_OBJC_ARC = YES;
				CLANG_WARN_BOOL_CONVERSION = YES;
				CLANG_WARN_CONSTANT_CONVERSION = YES;
				CLANG_WARN_DIRECT_OBJC_ISA_USAGE = YES_ERROR;
				CLANG_WARN_DOCUMENTATION_COMMENTS = YES;
				CLANG_WARN_EMPTY_BODY = YES;
				CLANG_WARN_ENUM_CONVERSION = YES;
				CLANG_WARN_INFINITE_RECURSION = YES;
				CLANG_WARN_INT_CONVERSION = YES;
				CLANG_WARN_OBJC_ROOT_CLASS = YES_ERROR;
				CLANG_WARN_SUSPICIOUS_MOVES = YES;
				CLANG_WARN_UNREACHABLE_CODE = YES;
				CLANG_WARN__DUPLICATE_METHOD_MATCH = YES;
				"CODE_SIGN_IDENTITY[sdk=iphoneos*]" = "iPhone Developer";
				COPY_PHASE_STRIP = NO;
				DEBUG_INFORMATION_FORMAT = dwarf;
				ENABLE_STRICT_OBJC_MSGSEND = YES;
				ENABLE_TESTABILITY = YES;
				GCC_C_LANGUAGE_STANDARD = gnu99;
				GCC_DYNAMIC_NO_PIC = NO;
				GCC_NO_COMMON_BLOCKS = YES;
				GCC_OPTIMIZATION_LEVEL = 0;
				GCC_PREPROCESSOR_DEFINITIONS = (
					"DEBUG=1",
					"$(inherited)",
				);
				GCC_WARN_64_TO_32_BIT_CONVERSION = YES;
				GCC_WARN_ABOUT_RETURN_TYPE = YES_ERROR;
				GCC_WARN_UNDECLARED_SELECTOR = YES;
				GCC_WARN_UNINITIALIZED_AUTOS = YES_AGGRESSIVE;
				GCC_WARN_UNUSED_FUNCTION = YES;
				GCC_WARN_UNUSED_VARIABLE = YES;
				IPHONEOS_DEPLOYMENT_TARGET = 10.1;
				MTL_ENABLE_DEBUG_INFO = YES;
				ONLY_ACTIVE_ARCH = YES;
				SDKROOT = iphoneos;
				SWIFT_ACTIVE_COMPILATION_CONDITIONS = DEBUG;
				SWIFT_OPTIMIZATION_LEVEL = "-Onone";
			};
			name = Debug;
		};
		4177DE141DD1F20700BBFC4D /* Release */ = {
			isa = XCBuildConfiguration;
			buildSettings = {
				ALWAYS_SEARCH_USER_PATHS = NO;
				CLANG_ANALYZER_NONNULL = YES;
				CLANG_CXX_LANGUAGE_STANDARD = "gnu++0x";
				CLANG_CXX_LIBRARY = "libc++";
				CLANG_ENABLE_MODULES = YES;
				CLANG_ENABLE_OBJC_ARC = YES;
				CLANG_WARN_BOOL_CONVERSION = YES;
				CLANG_WARN_CONSTANT_CONVERSION = YES;
				CLANG_WARN_DIRECT_OBJC_ISA_USAGE = YES_ERROR;
				CLANG_WARN_DOCUMENTATION_COMMENTS = YES;
				CLANG_WARN_EMPTY_BODY = YES;
				CLANG_WARN_ENUM_CONVERSION = YES;
				CLANG_WARN_INFINITE_RECURSION = YES;
				CLANG_WARN_INT_CONVERSION = YES;
				CLANG_WARN_OBJC_ROOT_CLASS = YES_ERROR;
				CLANG_WARN_SUSPICIOUS_MOVES = YES;
				CLANG_WARN_UNREACHABLE_CODE = YES;
				CLANG_WARN__DUPLICATE_METHOD_MATCH = YES;
				"CODE_SIGN_IDENTITY[sdk=iphoneos*]" = "iPhone Developer";
				COPY_PHASE_STRIP = NO;
				DEBUG_INFORMATION_FORMAT = "dwarf-with-dsym";
				ENABLE_NS_ASSERTIONS = NO;
				ENABLE_STRICT_OBJC_MSGSEND = YES;
				GCC_C_LANGUAGE_STANDARD = gnu99;
				GCC_NO_COMMON_BLOCKS = YES;
				GCC_WARN_64_TO_32_BIT_CONVERSION = YES;
				GCC_WARN_ABOUT_RETURN_TYPE = YES_ERROR;
				GCC_WARN_UNDECLARED_SELECTOR = YES;
				GCC_WARN_UNINITIALIZED_AUTOS = YES_AGGRESSIVE;
				GCC_WARN_UNUSED_FUNCTION = YES;
				GCC_WARN_UNUSED_VARIABLE = YES;
				IPHONEOS_DEPLOYMENT_TARGET = 10.1;
				MTL_ENABLE_DEBUG_INFO = NO;
				SDKROOT = iphoneos;
				SWIFT_OPTIMIZATION_LEVEL = "-Owholemodule";
				VALIDATE_PRODUCT = YES;
			};
			name = Release;
		};
		4177DE161DD1F20700BBFC4D /* Debug */ = {
			isa = XCBuildConfiguration;
			buildSettings = {
				ASSETCATALOG_COMPILER_APPICON_NAME = AppIcon;
				"CODE_SIGN_IDENTITY[sdk=iphoneos*]" = "iPhone Distribution";
				DEVELOPMENT_TEAM = AB6GWBVK74;
				FRAMEWORK_SEARCH_PATHS = (
					"$(inherited)",
					"$(PROJECT_DIR)/FBDeferredDeeplinkTest/Frameworks",
				);
				INFOPLIST_FILE = FBDeferredDeeplinkTest/Info.plist;
				IPHONEOS_DEPLOYMENT_TARGET = 9.3;
				LD_RUNPATH_SEARCH_PATHS = "$(inherited) @executable_path/Frameworks";
				PRODUCT_NAME = "$(TARGET_NAME)";
				PROVISIONING_PROFILE = "23eedac3-991d-467e-8044-b512e2799894";
				PROVISIONING_PROFILE_SPECIFIER = "XC iOS Ad Hoc: *";
				SWIFT_VERSION = 3.0;
			};
			name = Debug;
		};
		4177DE171DD1F20700BBFC4D /* Release */ = {
			isa = XCBuildConfiguration;
			buildSettings = {
				ASSETCATALOG_COMPILER_APPICON_NAME = AppIcon;
				"CODE_SIGN_IDENTITY[sdk=iphoneos*]" = "iPhone Developer";
				DEVELOPMENT_TEAM = "";
				FRAMEWORK_SEARCH_PATHS = (
					"$(inherited)",
					"$(PROJECT_DIR)/FBDeferredDeeplinkTest/Frameworks",
				);
				INFOPLIST_FILE = FBDeferredDeeplinkTest/Info.plist;
				IPHONEOS_DEPLOYMENT_TARGET = 9.3;
				LD_RUNPATH_SEARCH_PATHS = "$(inherited) @executable_path/Frameworks";
				PRODUCT_NAME = "$(TARGET_NAME)";
				SWIFT_VERSION = 3.0;
			};
			name = Release;
		};
/* End XCBuildConfiguration section */

/* Begin XCConfigurationList section */
		4177DDFE1DD1F20700BBFC4D /* Build configuration list for PBXProject "FBDeferredDeeplinkTest" */ = {
			isa = XCConfigurationList;
			buildConfigurations = (
				4177DE131DD1F20700BBFC4D /* Debug */,
				4177DE141DD1F20700BBFC4D /* Release */,
			);
			defaultConfigurationIsVisible = 0;
			defaultConfigurationName = Release;
		};
		4177DE151DD1F20700BBFC4D /* Build configuration list for PBXNativeTarget "FBDeferredDeeplinkTest" */ = {
			isa = XCConfigurationList;
			buildConfigurations = (
				4177DE161DD1F20700BBFC4D /* Debug */,
				4177DE171DD1F20700BBFC4D /* Release */,
			);
			defaultConfigurationIsVisible = 0;
			defaultConfigurationName = Release;
		};
/* End XCConfigurationList section */
	};
	rootObject = 4177DDFB1DD1F20700BBFC4D /* Project object */;
}
